
Microsoft Visual Studio Solution File, Format Version 12.00
# Visual Studio 2012
Project("{FAE04EC0-301F-11D3-BF4B-00C04F79EFBC}") = "personalAssistant", "personalAssistant\personalAssistant.csproj", "{06842180-6AA5-4783-AB69-A9440AF022BB}"
EndProject
Global
	GlobalSection(SolutionConfigurationPlatforms) = preSolution
		Debug|Any CPU = Debug|Any CPU
		Release|Any CPU = Release|Any CPU
	EndGlobalSection
	GlobalSection(ProjectConfigurationPlatforms) = postSolution
		{06842180-6AA5-4783-AB69-A9440AF022BB}.Debug|Any CPU.ActiveCfg = Debug|Any CPU
		{06842180-6AA5-4783-AB69-A9440AF022BB}.Debug|Any CPU.Build.0 = Debug|Any CPU
		{06842180-6AA5-4783-AB69-A9440AF022BB}.Release|Any CPU.ActiveCfg = Release|Any CPU
		{06842180-6AA5-4783-AB69-A9440AF022BB}.Release|Any CPU.Build.0 = Release|Any CPU
	EndGlobalSection
	GlobalSection(SolutionProperties) = preSolution
		HideSolutionNode = FALSE
	EndGlobalSection
EndGlobal
